<?xml version="1.0" encoding="UTF-8" standalone="yes" ?>
<CodeBlocks_project_file>
	<FileVersion major="1" minor="6" />
	<Project>
		<Option title="MultiplicationChartV2" />
		<Option pch_mode="2" />
		<Option compiler="gcc" />
		<Build>
			<Target title="Debug">
				<Option output="bin/Debug/Multiplication Chart V2" prefix_auto="1" extension_auto="1" />
				<Option object_output="obj/Debug/" />
				<Option type="1" />
				<Option compiler="gcc" />
				<Compiler>
					<Add option="-g" />
				</Compiler>
			</Target>
			<Target title="Release">
				<Option output="bin/Release/GuessTheNumberMiniGame" prefix_auto="1" extension_auto="1" />
				<Option object_output="obj/Release/" />
				<Option type="1" />
				<Option compiler="gcc" />
				<Compiler>
					<Add option="-O2" />
				</Compiler>
				<Linker>
					<Add option="-s" />
				</Linker>
			</Target>
		</Build>
		<Compiler>
			<Add option="-Wall" />
			<Add option="-fexceptions" />
		</Compiler>
		<Unit filename="includes/ChallengeMode/attemptsNULL.h" />
		<Unit filename="includes/ChallengeMode/challenge.h" />
		<Unit filename="includes/ChallengeMode/level1.h" />
		<Unit filename="includes/ChallengeMode/level2.h" />
		<Unit filename="includes/ChallengeMode/level3.h" />
		<Unit filename="includes/PracticeMode/chart1000x1000.h" />
		<Unit filename="includes/PracticeMode/chart100x100.h" />
		<Unit filename="includes/PracticeMode/chart10x10.h" />
		<Unit filename="includes/PracticeMode/practice.h" />
		<Unit filename="includes/modes.h" />
		<Unit filename="src/ChallengeMode/attemptsNULL.cpp" />
		<Unit filename="src/ChallengeMode/challenge.cpp" />
		<Unit filename="src/ChallengeMode/level1.cpp" />
		<Unit filename="src/ChallengeMode/level2.cpp" />
		<Unit filename="src/ChallengeMode/level3.cpp" />
		<Unit filename="src/PracticeMode/chart1000x1000.cpp" />
		<Unit filename="src/PracticeMode/chart100x100.cpp" />
		<Unit filename="src/PracticeMode/chart10x10.cpp" />
		<Unit filename="src/PracticeMode/practice.cpp" />
		<Unit filename="src/main.cpp" />
		<Unit filename="src/modes.cpp" />
		<Extensions>
			<lib_finder disable_auto="1" />
		</Extensions>
	</Project>
</CodeBlocks_project_file>
